
Microsoft Visual Studio Solution File, Format Version 12.00
# Visual Studio Version 17
VisualStudioVersion = 17.0.31903.59
MinimumVisualStudioVersion = 10.0.40219.1
Project("{2150E333-8FDC-42A3-9474-1A3956D46DE8}") = "src", "src", "{02AFAA50-044E-4666-8560-6570710C38B0}"
EndProject
Project("{FAE04EC0-301F-11D3-BF4B-00C04F79EFBC}") = "iTunesRPC", "src\iTunesRPC\iTunesRPC.csproj", "{4D571B26-FBCF-481E-A7EF-47EED7EA65DA}"
EndProject
Global
	GlobalSection(SolutionConfigurationPlatforms) = preSolution
		Debug|Any CPU = Debug|Any CPU
		Release|Any CPU = Release|Any CPU
	EndGlobalSection
	GlobalSection(SolutionProperties) = preSolution
		HideSolutionNode = FALSE
	EndGlobalSection
	GlobalSection(ProjectConfigurationPlatforms) = postSolution
		{4D571B26-FBCF-481E-A7EF-47EED7EA65DA}.Debug|Any CPU.ActiveCfg = Debug|Any CPU
		{4D571B26-FBCF-481E-A7EF-47EED7EA65DA}.Debug|Any CPU.Build.0 = Debug|Any CPU
		{4D571B26-FBCF-481E-A7EF-47EED7EA65DA}.Release|Any CPU.ActiveCfg = Release|Any CPU
		{4D571B26-FBCF-481E-A7EF-47EED7EA65DA}.Release|Any CPU.Build.0 = Release|Any CPU
	EndGlobalSection
	GlobalSection(NestedProjects) = preSolution
		{4D571B26-FBCF-481E-A7EF-47EED7EA65DA} = {02AFAA50-044E-4666-8560-6570710C38B0}
	EndGlobalSection
EndGlobal
